
Microsoft Visual Studio Solution File, Format Version 12.00
# Visual Studio Version 17
VisualStudioVersion = 17.9.34622.214
MinimumVisualStudioVersion = 10.0.40219.1
Project("{FAE04EC0-301F-11D3-BF4B-00C04F79EFBC}") = "ToDoWebClient", "ToDoWebClient.csproj", "{96EDFFA0-BA7C-487D-8330-F0D7744A7735}"
EndProject
Global
	GlobalSection(SolutionConfigurationPlatforms) = preSolution
		Debug|Any CPU = Debug|Any CPU
		Release|Any CPU = Release|Any CPU
	EndGlobalSection
	GlobalSection(ProjectConfigurationPlatforms) = postSolution
		{96EDFFA0-BA7C-487D-8330-F0D7744A7735}.Debug|Any CPU.ActiveCfg = Debug|Any CPU
		{96EDFFA0-BA7C-487D-8330-F0D7744A7735}.Debug|Any CPU.Build.0 = Debug|Any CPU
		{96EDFFA0-BA7C-487D-8330-F0D7744A7735}.Release|Any CPU.ActiveCfg = Release|Any CPU
		{96EDFFA0-BA7C-487D-8330-F0D7744A7735}.Release|Any CPU.Build.0 = Release|Any CPU
	EndGlobalSection
	GlobalSection(SolutionProperties) = preSolution
		HideSolutionNode = FALSE
	EndGlobalSection
	GlobalSection(ExtensibilityGlobals) = postSolution
		SolutionGuid = {D8DEA4CD-BED9-459D-A1B6-041918C0705E}
	EndGlobalSection
EndGlobal
